
Microsoft Visual Studio Solution File, Format Version 12.00
# Visual Studio Version 17
VisualStudioVersion = 17.5.002.0
MinimumVisualStudioVersion = 10.0.40219.1
Project("{2150E333-8FDC-42A3-9474-1A3956D46DE8}") = "sandbox", "sandbox", "{68AB475D-ECBD-41BE-83E6-C8867660A1FF}"
EndProject
Project("{9A19103F-16F7-4668-BE54-9A1E7A4F7556}") = "sandbox_project", "sandbox\sandbox_project\sandbox_project.csproj", "{B8F938D4-9CA0-462C-9600-63C7404A489A}"
EndProject
Project("{2150E333-8FDC-42A3-9474-1A3956D46DE8}") = "week01", "week01", "{E9F78913-8C4A-4765-95FB-3F819CB60CCA}"
EndProject
Project("{9A19103F-16F7-4668-BE54-9A1E7A4F7556}") = "analyze", "week01\analyze\analyze.csproj", "{F7DE0724-E992-43D3-8403-53CBB2CACEB9}"
EndProject
Project("{9A19103F-16F7-4668-BE54-9A1E7A4F7556}") = "code", "week01\code\code.csproj", "{67F69013-28B7-4B8B-911D-235DFC3C73AA}"
EndProject
Project("{9A19103F-16F7-4668-BE54-9A1E7A4F7556}") = "teach", "week01\teach\teach.csproj", "{5DBA1E10-D946-4CCD-BA21-F87DC74BE45C}"
EndProject
Project("{2150E333-8FDC-42A3-9474-1A3956D46DE8}") = "week02", "week02", "{4927D647-8662-4E01-9116-7CC176F4174F}"
EndProject
Project("{9A19103F-16F7-4668-BE54-9A1E7A4F7556}") = "analyze", "week02\analyze\analyze.csproj", "{95231BB6-1FC3-45A1-BC57-FD3340F07AAB}"
EndProject
Project("{9A19103F-16F7-4668-BE54-9A1E7A4F7556}") = "code", "week02\code\code.csproj", "{689991F2-CE17-4AED-89F9-8DCAF8E398DA}"
EndProject
Project("{9A19103F-16F7-4668-BE54-9A1E7A4F7556}") = "learn", "week02\learn\learn.csproj", "{A6CA9852-101D-4BD8-A7F6-6E8FE8E03AB3}"
EndProject
Project("{9A19103F-16F7-4668-BE54-9A1E7A4F7556}") = "teach", "week02\teach\teach.csproj", "{A90A8099-77E0-476C-A5C5-3EDCBDE9936B}"
EndProject
Project("{2150E333-8FDC-42A3-9474-1A3956D46DE8}") = "week03", "week03", "{1D5DDB8C-3B16-414B-A231-AFEE48CF5C3F}"
EndProject
Project("{9A19103F-16F7-4668-BE54-9A1E7A4F7556}") = "code", "week03\code\code.csproj", "{6D97B3AD-EFEB-4FC8-AF34-186F8B11EFB6}"
EndProject
Project("{9A19103F-16F7-4668-BE54-9A1E7A4F7556}") = "learn", "week03\learn\learn.csproj", "{9A689774-C6BC-449D-A7E7-E34EBDCA666B}"
EndProject
Project("{9A19103F-16F7-4668-BE54-9A1E7A4F7556}") = "teach", "week03\teach\teach.csproj", "{D899C0F5-61FC-4F2F-91BA-657ACC853EF4}"
EndProject
Project("{2150E333-8FDC-42A3-9474-1A3956D46DE8}") = "week04", "week04", "{E59AE4EC-D848-4AF9-9E8A-90B93EDB7986}"
EndProject
Project("{9A19103F-16F7-4668-BE54-9A1E7A4F7556}") = "code", "week04\code\code.csproj", "{C3B891AC-F259-4FB2-926D-1B1A6EEE95FE}"
EndProject
Project("{2150E333-8FDC-42A3-9474-1A3956D46DE8}") = "week05", "week05", "{B2D02264-493B-43D0-8FA6-092073749587}"
EndProject
Project("{9A19103F-16F7-4668-BE54-9A1E7A4F7556}") = "code", "week05\code\code.csproj", "{78E7677B-FF5D-4253-9322-C3BFB140C4BD}"
EndProject
Project("{2150E333-8FDC-42A3-9474-1A3956D46DE8}") = "week06", "week06", "{5921F9F6-29BE-4EF1-B113-411C2636286A}"
EndProject
Project("{9A19103F-16F7-4668-BE54-9A1E7A4F7556}") = "code", "week06\code\code.csproj", "{633A2BF6-7C64-457A-AA3A-C5FDDB6E494E}"
EndProject
Global
	GlobalSection(SolutionConfigurationPlatforms) = preSolution
		Debug|Any CPU = Debug|Any CPU
		Release|Any CPU = Release|Any CPU
	EndGlobalSection
	GlobalSection(ProjectConfigurationPlatforms) = postSolution
		{B8F938D4-9CA0-462C-9600-63C7404A489A}.Debug|Any CPU.ActiveCfg = Debug|Any CPU
		{B8F938D4-9CA0-462C-9600-63C7404A489A}.Debug|Any CPU.Build.0 = Debug|Any CPU
		{B8F938D4-9CA0-462C-9600-63C7404A489A}.Release|Any CPU.ActiveCfg = Release|Any CPU
		{B8F938D4-9CA0-462C-9600-63C7404A489A}.Release|Any CPU.Build.0 = Release|Any CPU
		{F7DE0724-E992-43D3-8403-53CBB2CACEB9}.Debug|Any CPU.ActiveCfg = Debug|Any CPU
		{F7DE0724-E992-43D3-8403-53CBB2CACEB9}.Debug|Any CPU.Build.0 = Debug|Any CPU
		{F7DE0724-E992-43D3-8403-53CBB2CACEB9}.Release|Any CPU.ActiveCfg = Release|Any CPU
		{F7DE0724-E992-43D3-8403-53CBB2CACEB9}.Release|Any CPU.Build.0 = Release|Any CPU
		{67F69013-28B7-4B8B-911D-235DFC3C73AA}.Debug|Any CPU.ActiveCfg = Debug|Any CPU
		{67F69013-28B7-4B8B-911D-235DFC3C73AA}.Debug|Any CPU.Build.0 = Debug|Any CPU
		{67F69013-28B7-4B8B-911D-235DFC3C73AA}.Release|Any CPU.ActiveCfg = Release|Any CPU
		{67F69013-28B7-4B8B-911D-235DFC3C73AA}.Release|Any CPU.Build.0 = Release|Any CPU
		{5DBA1E10-D946-4CCD-BA21-F87DC74BE45C}.Debug|Any CPU.ActiveCfg = Debug|Any CPU
		{5DBA1E10-D946-4CCD-BA21-F87DC74BE45C}.Debug|Any CPU.Build.0 = Debug|Any CPU
		{5DBA1E10-D946-4CCD-BA21-F87DC74BE45C}.Release|Any CPU.ActiveCfg = Release|Any CPU
		{5DBA1E10-D946-4CCD-BA21-F87DC74BE45C}.Release|Any CPU.Build.0 = Release|Any CPU
		{95231BB6-1FC3-45A1-BC57-FD3340F07AAB}.Debug|Any CPU.ActiveCfg = Debug|Any CPU
		{95231BB6-1FC3-45A1-BC57-FD3340F07AAB}.Debug|Any CPU.Build.0 = Debug|Any CPU
		{95231BB6-1FC3-45A1-BC57-FD3340F07AAB}.Release|Any CPU.ActiveCfg = Release|Any CPU
		{95231BB6-1FC3-45A1-BC57-FD3340F07AAB}.Release|Any CPU.Build.0 = Release|Any CPU
		{689991F2-CE17-4AED-89F9-8DCAF8E398DA}.Debug|Any CPU.ActiveCfg = Debug|Any CPU
		{689991F2-CE17-4AED-89F9-8DCAF8E398DA}.Debug|Any CPU.Build.0 = Debug|Any CPU
		{689991F2-CE17-4AED-89F9-8DCAF8E398DA}.Release|Any CPU.ActiveCfg = Release|Any CPU
		{689991F2-CE17-4AED-89F9-8DCAF8E398DA}.Release|Any CPU.Build.0 = Release|Any CPU
		{A6CA9852-101D-4BD8-A7F6-6E8FE8E03AB3}.Debug|Any CPU.ActiveCfg = Debug|Any CPU
		{A6CA9852-101D-4BD8-A7F6-6E8FE8E03AB3}.Debug|Any CPU.Build.0 = Debug|Any CPU
		{A6CA9852-101D-4BD8-A7F6-6E8FE8E03AB3}.Release|Any CPU.ActiveCfg = Release|Any CPU
		{A6CA9852-101D-4BD8-A7F6-6E8FE8E03AB3}.Release|Any CPU.Build.0 = Release|Any CPU
		{A90A8099-77E0-476C-A5C5-3EDCBDE9936B}.Debug|Any CPU.ActiveCfg = Debug|Any CPU
		{A90A8099-77E0-476C-A5C5-3EDCBDE9936B}.Debug|Any CPU.Build.0 = Debug|Any CPU
		{A90A8099-77E0-476C-A5C5-3EDCBDE9936B}.Release|Any CPU.ActiveCfg = Release|Any CPU
		{A90A8099-77E0-476C-A5C5-3EDCBDE9936B}.Release|Any CPU.Build.0 = Release|Any CPU
		{6D97B3AD-EFEB-4FC8-AF34-186F8B11EFB6}.Debug|Any CPU.ActiveCfg = Debug|Any CPU
		{6D97B3AD-EFEB-4FC8-AF34-186F8B11EFB6}.Debug|Any CPU.Build.0 = Debug|Any CPU
		{6D97B3AD-EFEB-4FC8-AF34-186F8B11EFB6}.Release|Any CPU.ActiveCfg = Release|Any CPU
		{6D97B3AD-EFEB-4FC8-AF34-186F8B11EFB6}.Release|Any CPU.Build.0 = Release|Any CPU
		{9A689774-C6BC-449D-A7E7-E34EBDCA666B}.Debug|Any CPU.ActiveCfg = Debug|Any CPU
		{9A689774-C6BC-449D-A7E7-E34EBDCA666B}.Debug|Any CPU.Build.0 = Debug|Any CPU
		{9A689774-C6BC-449D-A7E7-E34EBDCA666B}.Release|Any CPU.ActiveCfg = Release|Any CPU
		{9A689774-C6BC-449D-A7E7-E34EBDCA666B}.Release|Any CPU.Build.0 = Release|Any CPU
		{D899C0F5-61FC-4F2F-91BA-657ACC853EF4}.Debug|Any CPU.ActiveCfg = Debug|Any CPU
		{D899C0F5-61FC-4F2F-91BA-657ACC853EF4}.Debug|Any CPU.Build.0 = Debug|Any CPU
		{D899C0F5-61FC-4F2F-91BA-657ACC853EF4}.Release|Any CPU.ActiveCfg = Release|Any CPU
		{D899C0F5-61FC-4F2F-91BA-657ACC853EF4}.Release|Any CPU.Build.0 = Release|Any CPU
		{C3B891AC-F259-4FB2-926D-1B1A6EEE95FE}.Debug|Any CPU.ActiveCfg = Debug|Any CPU
		{C3B891AC-F259-4FB2-926D-1B1A6EEE95FE}.Debug|Any CPU.Build.0 = Debug|Any CPU
		{C3B891AC-F259-4FB2-926D-1B1A6EEE95FE}.Release|Any CPU.ActiveCfg = Release|Any CPU
		{C3B891AC-F259-4FB2-926D-1B1A6EEE95FE}.Release|Any CPU.Build.0 = Release|Any CPU
		{78E7677B-FF5D-4253-9322-C3BFB140C4BD}.Debug|Any CPU.ActiveCfg = Debug|Any CPU
		{78E7677B-FF5D-4253-9322-C3BFB140C4BD}.Debug|Any CPU.Build.0 = Debug|Any CPU
		{78E7677B-FF5D-4253-9322-C3BFB140C4BD}.Release|Any CPU.ActiveCfg = Release|Any CPU
		{78E7677B-FF5D-4253-9322-C3BFB140C4BD}.Release|Any CPU.Build.0 = Release|Any CPU
		{633A2BF6-7C64-457A-AA3A-C5FDDB6E494E}.Debug|Any CPU.ActiveCfg = Debug|Any CPU
		{633A2BF6-7C64-457A-AA3A-C5FDDB6E494E}.Debug|Any CPU.Build.0 = Debug|Any CPU
		{633A2BF6-7C64-457A-AA3A-C5FDDB6E494E}.Release|Any CPU.ActiveCfg = Release|Any CPU
		{633A2BF6-7C64-457A-AA3A-C5FDDB6E494E}.Release|Any CPU.Build.0 = Release|Any CPU
	EndGlobalSection
	GlobalSection(SolutionProperties) = preSolution
		HideSolutionNode = FALSE
	EndGlobalSection
	GlobalSection(NestedProjects) = preSolution
		{B8F938D4-9CA0-462C-9600-63C7404A489A} = {68AB475D-ECBD-41BE-83E6-C8867660A1FF}
		{F7DE0724-E992-43D3-8403-53CBB2CACEB9} = {E9F78913-8C4A-4765-95FB-3F819CB60CCA}
		{67F69013-28B7-4B8B-911D-235DFC3C73AA} = {E9F78913-8C4A-4765-95FB-3F819CB60CCA}
		{5DBA1E10-D946-4CCD-BA21-F87DC74BE45C} = {E9F78913-8C4A-4765-95FB-3F819CB60CCA}
		{95231BB6-1FC3-45A1-BC57-FD3340F07AAB} = {4927D647-8662-4E01-9116-7CC176F4174F}
		{689991F2-CE17-4AED-89F9-8DCAF8E398DA} = {4927D647-8662-4E01-9116-7CC176F4174F}
		{A6CA9852-101D-4BD8-A7F6-6E8FE8E03AB3} = {4927D647-8662-4E01-9116-7CC176F4174F}
		{A90A8099-77E0-476C-A5C5-3EDCBDE9936B} = {4927D647-8662-4E01-9116-7CC176F4174F}
		{6D97B3AD-EFEB-4FC8-AF34-186F8B11EFB6} = {1D5DDB8C-3B16-414B-A231-AFEE48CF5C3F}
		{9A689774-C6BC-449D-A7E7-E34EBDCA666B} = {1D5DDB8C-3B16-414B-A231-AFEE48CF5C3F}
		{D899C0F5-61FC-4F2F-91BA-657ACC853EF4} = {1D5DDB8C-3B16-414B-A231-AFEE48CF5C3F}
		{C3B891AC-F259-4FB2-926D-1B1A6EEE95FE} = {E59AE4EC-D848-4AF9-9E8A-90B93EDB7986}
		{78E7677B-FF5D-4253-9322-C3BFB140C4BD} = {B2D02264-493B-43D0-8FA6-092073749587}
		{633A2BF6-7C64-457A-AA3A-C5FDDB6E494E} = {5921F9F6-29BE-4EF1-B113-411C2636286A}
	EndGlobalSection
	GlobalSection(ExtensibilityGlobals) = postSolution
		SolutionGuid = {759AE770-FA92-46F5-A515-0037D9AB6581}
	EndGlobalSection
EndGlobal
